hash: 8d154f7efa5b0f94a86fbe069125523c77a043e8de856cd74ecd48357f6807c8
updated: 2016-06-05T15:13:29.673163232-07:00
imports:
- name: github.com/go-yaml/yaml
  version: a83829b6f1293c91addabc89d0571c246397bbf4
- name: github.com/stretchr/testify
  version: f390dcf405f7b83c997eac1b06768bb9f44dec18
devImports: []
